schema: '2.0'
stages:
  dataPreprocessing:
    cmd: python3 src/preprocessing.py
    deps:
    - path: dataset/spotify_millsongdata.csv
      md5: 43362926568f939553de657b8be80d79
      size: 74864162
    outs:
    - path: dataset/refactor.csv
      md5: 54052d04458ccb02c462db552f0cb77c
      size: 125596291
  ComputeEmbeddings:
    cmd: python3 src/recommendationSystem.py
    deps:
    - path: dataset/refactor.csv
      md5: 54052d04458ccb02c462db552f0cb77c
      size: 125596291
    outs:
    - path: embeddings/
      md5: 6bdddf35b4ffcb060cad65a59cdd8bf4.dir
      size: 88550528
      nfiles: 1
